// !$*UTF8*$!
{
	archiveVersion = 1;
	classes = {
	};
	objectVersion = 55;
	objects = {

/* Begin PBXBuildFile section */
		0A066A0B295E410A007FF8EC /* InitializationScreen.swift in Sources */ = {isa = PBXBuildFile; fileRef = 0A066A0A295E410A007FF8EC /* InitializationScreen.swift */; };
		0A066A14295E4959007FF8EC /* EndScreenTwo.swift in Sources */ = {isa = PBXBuildFile; fileRef = 0A066A13295E4959007FF8EC /* EndScreenTwo.swift */; };
		0A65918A2959121C00DCCBB6 /* ConfirmationScreen.swift in Sources */ = {isa = PBXBuildFile; fileRef = 0A6591892959121C00DCCBB6 /* ConfirmationScreen.swift */; };
		0AA65FED29650DFB00FE04AB /* SetupAssistant.swift in Sources */ = {isa = PBXBuildFile; fileRef = 0AA65FEC29650DFB00FE04AB /* SetupAssistant.swift */; };
		EC3069A82942F77600069B46 /* ScanScreen.swift in Sources */ = {isa = PBXBuildFile; fileRef = EC3069A72942F77600069B46 /* ScanScreen.swift */; };
		EC37CFEC29186DB000F97ACE /* AppDelegate.swift in Sources */ = {isa = PBXBuildFile; fileRef = EC37CFEB29186DB000F97ACE /* AppDelegate.swift */; };
		EC37CFEE29186DB000F97ACE /* SceneDelegate.swift in Sources */ = {isa = PBXBuildFile; fileRef = EC37CFED29186DB000F97ACE /* SceneDelegate.swift */; };
		EC37CFF029186DB000F97ACE /* HomeScreen.swift in Sources */ = {isa = PBXBuildFile; fileRef = EC37CFEF29186DB000F97ACE /* HomeScreen.swift */; };
		EC37CFF329186DB000F97ACE /* Main.storyboard in Resources */ = {isa = PBXBuildFile; fileRef = EC37CFF129186DB000F97ACE /* Main.storyboard */; };
		EC37CFF529186DB200F97ACE /* Assets.xcassets in Resources */ = {isa = PBXBuildFile; fileRef = EC37CFF429186DB200F97ACE /* Assets.xcassets */; };
		EC37CFF829186DB200F97ACE /* LaunchScreen.storyboard in Resources */ = {isa = PBXBuildFile; fileRef = EC37CFF629186DB200F97ACE /* LaunchScreen.storyboard */; };
		EC37D00329186DB200F97ACE /* OrienteererTests.swift in Sources */ = {isa = PBXBuildFile; fileRef = EC37D00229186DB200F97ACE /* OrienteererTests.swift */; };
		EC37D00D29186DB200F97ACE /* OrienteererUITests.swift in Sources */ = {isa = PBXBuildFile; fileRef = EC37D00C29186DB200F97ACE /* OrienteererUITests.swift */; };
		EC37D00F29186DB200F97ACE /* OrienteererUITestsLaunchTests.swift in Sources */ = {isa = PBXBuildFile; fileRef = EC37D00E29186DB200F97ACE /* OrienteererUITestsLaunchTests.swift */; };
		EC6BE9832941AEBF00694E32 /* InProcessScreen.swift in Sources */ = {isa = PBXBuildFile; fileRef = EC6BE9822941AEBF00694E32 /* InProcessScreen.swift */; };
		ECE53D3B29343D1700B301A1 /* ConfettiSwiftUI in Frameworks */ = {isa = PBXBuildFile; productRef = ECE53D3A29343D1700B301A1 /* ConfettiSwiftUI */; };
		ECE53D3D29343F2600B301A1 /* Congratulationsscreen.swift in Sources */ = {isa = PBXBuildFile; fileRef = ECE53D3C29343F2500B301A1 /* Congratulationsscreen.swift */; };
		ECE53D41293442A900B301A1 /* EndScreen.swift in Sources */ = {isa = PBXBuildFile; fileRef = ECE53D40293442A900B301A1 /* EndScreen.swift */; };
/* End PBXBuildFile section */

/* Begin PBXContainerItemProxy section */
		EC37CFFF29186DB200F97ACE /* PBXContainerItemProxy */ = {
			isa = PBXContainerItemProxy;
			containerPortal = EC37CFE029186DB000F97ACE /* Project object */;
			proxyType = 1;
			remoteGlobalIDString = EC37CFE729186DB000F97ACE;
			remoteInfo = Orienteerer;
		};
		EC37D00929186DB200F97ACE /* PBXContainerItemProxy */ = {
			isa = PBXContainerItemProxy;
			containerPortal = EC37CFE029186DB000F97ACE /* Project object */;
			proxyType = 1;
			remoteGlobalIDString = EC37CFE729186DB000F97ACE;
			remoteInfo = Orienteerer;
		};
/* End PBXContainerItemProxy section */

/* Begin PBXFileReference section */
		0A066A0A295E410A007FF8EC /* InitializationScreen.swift */ = {isa = PBXFileReference; lastKnownFileType = sourcecode.swift; path = InitializationScreen.swift; sourceTree = "<group>"; };
		0A066A13295E4959007FF8EC /* EndScreenTwo.swift */ = {isa = PBXFileReference; lastKnownFileType = sourcecode.swift; path = EndScreenTwo.swift; sourceTree = "<group>"; };
		0A6591892959121C00DCCBB6 /* ConfirmationScreen.swift */ = {isa = PBXFileReference; lastKnownFileType = sourcecode.swift; path = ConfirmationScreen.swift; sourceTree = "<group>"; };
		0AA65FEC29650DFB00FE04AB /* SetupAssistant.swift */ = {isa = PBXFileReference; lastKnownFileType = sourcecode.swift; path = SetupAssistant.swift; sourceTree = "<group>"; };
		12591ED49178327DDE5A13F8 /* Pods-Orienteerer.release.xcconfig */ = {isa = PBXFileReference; includeInIndex = 1; lastKnownFileType = text.xcconfig; name = "Pods-Orienteerer.release.xcconfig"; path = "Target Support Files/Pods-Orienteerer/Pods-Orienteerer.release.xcconfig"; sourceTree = "<group>"; };
		4CC83BC436E4C5804C52335B /* Pods-Orienteerer-OrienteererUITests.release.xcconfig */ = {isa = PBXFileReference; includeInIndex = 1; lastKnownFileType = text.xcconfig; name = "Pods-Orienteerer-OrienteererUITests.release.xcconfig"; path = "Target Support Files/Pods-Orienteerer-OrienteererUITests/Pods-Orienteerer-OrienteererUITests.release.xcconfig"; sourceTree = "<group>"; };
		7E3D3C3E8671CB3F723F995B /* Pods-OrienteererTests.release.xcconfig */ = {isa = PBXFileReference; includeInIndex = 1; lastKnownFileType = text.xcconfig; name = "Pods-OrienteererTests.release.xcconfig"; path = "Target Support Files/Pods-OrienteererTests/Pods-OrienteererTests.release.xcconfig"; sourceTree = "<group>"; };
		8747C388B389E6E454670ED3 /* Pods-Orienteerer.debug.xcconfig */ = {isa = PBXFileReference; includeInIndex = 1; lastKnownFileType = text.xcconfig; name = "Pods-Orienteerer.debug.xcconfig"; path = "Target Support Files/Pods-Orienteerer/Pods-Orienteerer.debug.xcconfig"; sourceTree = "<group>"; };
		927100674767FD42E8B2F6FF /* Pods-OrienteererTests.debug.xcconfig */ = {isa = PBXFileReference; includeInIndex = 1; lastKnownFileType = text.xcconfig; name = "Pods-OrienteererTests.debug.xcconfig"; path = "Target Support Files/Pods-OrienteererTests/Pods-OrienteererTests.debug.xcconfig"; sourceTree = "<group>"; };
		D2FE9BE1084D6C813D5FCEDE /* Pods-Orienteerer-OrienteererUITests.debug.xcconfig */ = {isa = PBXFileReference; includeInIndex = 1; lastKnownFileType = text.xcconfig; name = "Pods-Orienteerer-OrienteererUITests.debug.xcconfig"; path = "Target Support Files/Pods-Orienteerer-OrienteererUITests/Pods-Orienteerer-OrienteererUITests.debug.xcconfig"; sourceTree = "<group>"; };
		EC3069A72942F77600069B46 /* ScanScreen.swift */ = {isa = PBXFileReference; lastKnownFileType = sourcecode.swift; path = ScanScreen.swift; sourceTree = "<group>"; };
		EC37CFE829186DB000F97ACE /* Orienteerer.app */ = {isa = PBXFileReference; explicitFileType = wrapper.application; includeInIndex = 0; path = Orienteerer.app; sourceTree = BUILT_PRODUCTS_DIR; };
		EC37CFEB29186DB000F97ACE /* AppDelegate.swift */ = {isa = PBXFileReference; lastKnownFileType = sourcecode.swift; path = AppDelegate.swift; sourceTree = "<group>"; };
		EC37CFED29186DB000F97ACE /* SceneDelegate.swift */ = {isa = PBXFileReference; lastKnownFileType = sourcecode.swift; path = SceneDelegate.swift; sourceTree = "<group>"; };
		EC37CFEF29186DB000F97ACE /* HomeScreen.swift */ = {isa = PBXFileReference; lastKnownFileType = sourcecode.swift; path = HomeScreen.swift; sourceTree = "<group>"; };
		EC37CFF229186DB000F97ACE /* Base */ = {isa = PBXFileReference; lastKnownFileType = file.storyboard; name = Base; path = Base.lproj/Main.storyboard; sourceTree = "<group>"; };
		EC37CFF429186DB200F97ACE /* Assets.xcassets */ = {isa = PBXFileReference; lastKnownFileType = folder.assetcatalog; path = Assets.xcassets; sourceTree = "<group>"; };
		EC37CFF729186DB200F97ACE /* Base */ = {isa = PBXFileReference; lastKnownFileType = file.storyboard; name = Base; path = Base.lproj/LaunchScreen.storyboard; sourceTree = "<group>"; };
		EC37CFF929186DB200F97ACE /* Info.plist */ = {isa = PBXFileReference; lastKnownFileType = text.plist.xml; path = Info.plist; sourceTree = "<group>"; };
		EC37CFFE29186DB200F97ACE /* OrienteererTests.xctest */ = {isa = PBXFileReference; explicitFileType = wrapper.cfbundle; includeInIndex = 0; path = OrienteererTests.xctest; sourceTree = BUILT_PRODUCTS_DIR; };
		EC37D00229186DB200F97ACE /* OrienteererTests.swift */ = {isa = PBXFileReference; lastKnownFileType = sourcecode.swift; path = OrienteererTests.swift; sourceTree = "<group>"; };
		EC37D00829186DB200F97ACE /* OrienteererUITests.xctest */ = {isa = PBXFileReference; explicitFileType = wrapper.cfbundle; includeInIndex = 0; path = OrienteererUITests.xctest; sourceTree = BUILT_PRODUCTS_DIR; };
		EC37D00C29186DB200F97ACE /* OrienteererUITests.swift */ = {isa = PBXFileReference; lastKnownFileType = sourcecode.swift; path = OrienteererUITests.swift; sourceTree = "<group>"; };
		EC37D00E29186DB200F97ACE /* OrienteererUITestsLaunchTests.swift */ = {isa = PBXFileReference; lastKnownFileType = sourcecode.swift; path = OrienteererUITestsLaunchTests.swift; sourceTree = "<group>"; };
		EC6BE9822941AEBF00694E32 /* InProcessScreen.swift */ = {isa = PBXFileReference; lastKnownFileType = sourcecode.swift; path = InProcessScreen.swift; sourceTree = "<group>"; };
		ECAD3E032964D8CB00F99761 /* Orienteerer.entitlements */ = {isa = PBXFileReference; lastKnownFileType = text.plist.entitlements; path = Orienteerer.entitlements; sourceTree = "<group>"; };
		ECE53D3C29343F2500B301A1 /* Congratulationsscreen.swift */ = {isa = PBXFileReference; lastKnownFileType = sourcecode.swift; path = Congratulationsscreen.swift; sourceTree = "<group>"; };
		ECE53D40293442A900B301A1 /* EndScreen.swift */ = {isa = PBXFileReference; lastKnownFileType = sourcecode.swift; path = EndScreen.swift; sourceTree = "<group>"; };
/* End PBXFileReference section */

/* Begin PBXFrameworksBuildPhase section */
		EC37CFE529186DB000F97ACE /* Frameworks */ = {
			isa = PBXFrameworksBuildPhase;
			buildActionMask = 2147483647;
			files = (
				ECE53D3B29343D1700B301A1 /* ConfettiSwiftUI in Frameworks */,
			);
			runOnlyForDeploymentPostprocessing = 0;
		};
		EC37CFFB29186DB200F97ACE /* Frameworks */ = {
			isa = PBXFrameworksBuildPhase;
			buildActionMask = 2147483647;
			files = (
			);
			runOnlyForDeploymentPostprocessing = 0;
		};
		EC37D00529186DB200F97ACE /* Frameworks */ = {
			isa = PBXFrameworksBuildPhase;
			buildActionMask = 2147483647;
			files = (
			);
			runOnlyForDeploymentPostprocessing = 0;
		};
/* End PBXFrameworksBuildPhase section */

/* Begin PBXGroup section */
		99F2E2FFBA6D1AE79D84A346 /* Pods */ = {
			isa = PBXGroup;
			children = (
				8747C388B389E6E454670ED3 /* Pods-Orienteerer.debug.xcconfig */,
				12591ED49178327DDE5A13F8 /* Pods-Orienteerer.release.xcconfig */,
				D2FE9BE1084D6C813D5FCEDE /* Pods-Orienteerer-OrienteererUITests.debug.xcconfig */,
				4CC83BC436E4C5804C52335B /* Pods-Orienteerer-OrienteererUITests.release.xcconfig */,
				927100674767FD42E8B2F6FF /* Pods-OrienteererTests.debug.xcconfig */,
				7E3D3C3E8671CB3F723F995B /* Pods-OrienteererTests.release.xcconfig */,
			);
			path = Pods;
			sourceTree = "<group>";
		};
		EC37CFDF29186DB000F97ACE = {
			isa = PBXGroup;
			children = (
				EC37CFEA29186DB000F97ACE /* Orienteerer */,
				EC37D00129186DB200F97ACE /* OrienteererTests */,
				EC37D00B29186DB200F97ACE /* OrienteererUITests */,
				EC37CFE929186DB000F97ACE /* Products */,
				99F2E2FFBA6D1AE79D84A346 /* Pods */,
			);
			sourceTree = "<group>";
		};
		EC37CFE929186DB000F97ACE /* Products */ = {
			isa = PBXGroup;
			children = (
				EC37CFE829186DB000F97ACE /* Orienteerer.app */,
				EC37CFFE29186DB200F97ACE /* OrienteererTests.xctest */,
				EC37D00829186DB200F97ACE /* OrienteererUITests.xctest */,
			);
			name = Products;
			sourceTree = "<group>";
		};
		EC37CFEA29186DB000F97ACE /* Orienteerer */ = {
			isa = PBXGroup;
			children = (
				ECAD3E032964D8CB00F99761 /* Orienteerer.entitlements */,
				EC37CFEB29186DB000F97ACE /* AppDelegate.swift */,
				0AA65FEC29650DFB00FE04AB /* SetupAssistant.swift */,
				EC37CFED29186DB000F97ACE /* SceneDelegate.swift */,
				EC37CFEF29186DB000F97ACE /* HomeScreen.swift */,
				EC6BE9822941AEBF00694E32 /* InProcessScreen.swift */,
				ECE53D3C29343F2500B301A1 /* Congratulationsscreen.swift */,
				EC3069A72942F77600069B46 /* ScanScreen.swift */,
				0A066A0A295E410A007FF8EC /* InitializationScreen.swift */,
				ECE53D40293442A900B301A1 /* EndScreen.swift */,
				0A066A13295E4959007FF8EC /* EndScreenTwo.swift */,
				0A6591892959121C00DCCBB6 /* ConfirmationScreen.swift */,
				EC37CFF129186DB000F97ACE /* Main.storyboard */,
				EC37CFF429186DB200F97ACE /* Assets.xcassets */,
				EC37CFF629186DB200F97ACE /* LaunchScreen.storyboard */,
				EC37CFF929186DB200F97ACE /* Info.plist */,
			);
			path = Orienteerer;
			sourceTree = "<group>";
		};
		EC37D00129186DB200F97ACE /* OrienteererTests */ = {
			isa = PBXGroup;
			children = (
				EC37D00229186DB200F97ACE /* OrienteererTests.swift */,
			);
			path = OrienteererTests;
			sourceTree = "<group>";
		};
		EC37D00B29186DB200F97ACE /* OrienteererUITests */ = {
			isa = PBXGroup;
			children = (
				EC37D00C29186DB200F97ACE /* OrienteererUITests.swift */,
				EC37D00E29186DB200F97ACE /* OrienteererUITestsLaunchTests.swift */,
			);
			path = OrienteererUITests;
			sourceTree = "<group>";
		};
/* End PBXGroup section */

/* Begin PBXNativeTarget section */
		EC37CFE729186DB000F97ACE /* Orienteerer */ = {
			isa = PBXNativeTarget;
			buildConfigurationList = EC37D01229186DB200F97ACE /* Build configuration list for PBXNativeTarget "Orienteerer" */;
			buildPhases = (
				EA047CCE0BEE9C1D8802646B /* [CP] Check Pods Manifest.lock */,
				EC37CFE429186DB000F97ACE /* Sources */,
				EC37CFE529186DB000F97ACE /* Frameworks */,
				EC37CFE629186DB000F97ACE /* Resources */,
				CBF77A95C28AE3E6BE7C2948 /* [CP] Copy Pods Resources */,
			);
			buildRules = (
			);
			dependencies = (
			);
			name = Orienteerer;
			packageProductDependencies = (
				ECE53D3A29343D1700B301A1 /* ConfettiSwiftUI */,
			);
			productName = Orienteerer;
			productReference = EC37CFE829186DB000F97ACE /* Orienteerer.app */;
			productType = "com.apple.product-type.application";
		};
		EC37CFFD29186DB200F97ACE /* OrienteererTests */ = {
			isa = PBXNativeTarget;
			buildConfigurationList = EC37D01529186DB200F97ACE /* Build configuration list for PBXNativeTarget "OrienteererTests" */;
			buildPhases = (
				916A3013D76AB4C688B91EF3 /* [CP] Check Pods Manifest.lock */,
				EC37CFFA29186DB200F97ACE /* Sources */,
				EC37CFFB29186DB200F97ACE /* Frameworks */,
				EC37CFFC29186DB200F97ACE /* Resources */,
			);
			buildRules = (
			);
			dependencies = (
				EC37D00029186DB200F97ACE /* PBXTargetDependency */,
			);
			name = OrienteererTests;
			productName = OrienteererTests;
			productReference = EC37CFFE29186DB200F97ACE /* OrienteererTests.xctest */;
			productType = "com.apple.product-type.bundle.unit-test";
		};
		EC37D00729186DB200F97ACE /* OrienteererUITests */ = {
			isa = PBXNativeTarget;
			buildConfigurationList = EC37D01829186DB200F97ACE /* Build configuration list for PBXNativeTarget "OrienteererUITests" */;
			buildPhases = (
				B0580D91D61ED6706E1F4D34 /* [CP] Check Pods Manifest.lock */,
				EC37D00429186DB200F97ACE /* Sources */,
				EC37D00529186DB200F97ACE /* Frameworks */,
				EC37D00629186DB200F97ACE /* Resources */,
				176E7EB6D4F4AB3BF24528DF /* [CP] Copy Pods Resources */,
			);
			buildRules = (
			);
			dependencies = (
				EC37D00A29186DB200F97ACE /* PBXTargetDependency */,
			);
			name = OrienteererUITests;
			productName = OrienteererUITests;
			productReference = EC37D00829186DB200F97ACE /* OrienteererUITests.xctest */;
			productType = "com.apple.product-type.bundle.ui-testing";
		};
/* End PBXNativeTarget section */

/* Begin PBXProject section */
		EC37CFE029186DB000F97ACE /* Project object */ = {
			isa = PBXProject;
			attributes = {
				BuildIndependentTargetsInParallel = 1;
				LastSwiftUpdateCheck = 1340;
				LastUpgradeCheck = 1340;
				TargetAttributes = {
					EC37CFE729186DB000F97ACE = {
						CreatedOnToolsVersion = 13.4.1;
						LastSwiftMigration = 1420;
					};
					EC37CFFD29186DB200F97ACE = {
						CreatedOnToolsVersion = 13.4.1;
						TestTargetID = EC37CFE729186DB000F97ACE;
					};
					EC37D00729186DB200F97ACE = {
						CreatedOnToolsVersion = 13.4.1;
						TestTargetID = EC37CFE729186DB000F97ACE;
					};
				};
			};
			buildConfigurationList = EC37CFE329186DB000F97ACE /* Build configuration list for PBXProject "Orienteerer" */;
			compatibilityVersion = "Xcode 13.0";
			developmentRegion = en;
			hasScannedForEncodings = 0;
			knownRegions = (
				en,
				Base,
			);
			mainGroup = EC37CFDF29186DB000F97ACE;
			packageReferences = (
				ECE53D3929343D1700B301A1 /* XCRemoteSwiftPackageReference "ConfettiSwiftUI" */,
			);
			productRefGroup = EC37CFE929186DB000F97ACE /* Products */;
			projectDirPath = "";
			projectRoot = "";
			targets = (
				EC37CFE729186DB000F97ACE /* Orienteerer */,
				EC37CFFD29186DB200F97ACE /* OrienteererTests */,
				EC37D00729186DB200F97ACE /* OrienteererUITests */,
			);
		};
/* End PBXProject section */

/* Begin PBXResourcesBuildPhase section */
		EC37CFE629186DB000F97ACE /* Resources */ = {
			isa = PBXResourcesBuildPhase;
			buildActionMask = 2147483647;
			files = (
				EC37CFF829186DB200F97ACE /* LaunchScreen.storyboard in Resources */,
				EC37CFF529186DB200F97ACE /* Assets.xcassets in Resources */,
				EC37CFF329186DB000F97ACE /* Main.storyboard in Resources */,
			);
			runOnlyForDeploymentPostprocessing = 0;
		};
		EC37CFFC29186DB200F97ACE /* Resources */ = {
			isa = PBXResourcesBuildPhase;
			buildActionMask = 2147483647;
			files = (
			);
			runOnlyForDeploymentPostprocessing = 0;
		};
		EC37D00629186DB200F97ACE /* Resources */ = {
			isa = PBXResourcesBuildPhase;
			buildActionMask = 2147483647;
			files = (
			);
			runOnlyForDeploymentPostprocessing = 0;
		};
/* End PBXResourcesBuildPhase section */

/* Begin PBXShellScriptBuildPhase section */
		176E7EB6D4F4AB3BF24528DF /* [CP] Copy Pods Resources */ = {
			isa = PBXShellScriptBuildPhase;
			buildActionMask = 2147483647;
			files = (
			);
			inputFileListPaths = (
				"${PODS_ROOT}/Target Support Files/Pods-Orienteerer-OrienteererUITests/Pods-Orienteerer-OrienteererUITests-resources-${CONFIGURATION}-input-files.xcfilelist",
			);
			name = "[CP] Copy Pods Resources";
			outputFileListPaths = (
				"${PODS_ROOT}/Target Support Files/Pods-Orienteerer-OrienteererUITests/Pods-Orienteerer-OrienteererUITests-resources-${CONFIGURATION}-output-files.xcfilelist",
			);
			runOnlyForDeploymentPostprocessing = 0;
			shellPath = /bin/sh;
			shellScript = "\"${PODS_ROOT}/Target Support Files/Pods-Orienteerer-OrienteererUITests/Pods-Orienteerer-OrienteererUITests-resources.sh\"\n";
			showEnvVarsInLog = 0;
		};
		916A3013D76AB4C688B91EF3 /* [CP] Check Pods Manifest.lock */ = {
			isa = PBXShellScriptBuildPhase;
			buildActionMask = 2147483647;
			files = (
			);
			inputFileListPaths = (
			);
			inputPaths = (
				"${PODS_PODFILE_DIR_PATH}/Podfile.lock",
				"${PODS_ROOT}/Manifest.lock",
			);
			name = "[CP] Check Pods Manifest.lock";
			outputFileListPaths = (
			);
			outputPaths = (
				"$(DERIVED_FILE_DIR)/Pods-OrienteererTests-checkManifestLockResult.txt",
			);
			runOnlyForDeploymentPostprocessing = 0;
			shellPath = /bin/sh;
			shellScript = "diff \"${PODS_PODFILE_DIR_PATH}/Podfile.lock\" \"${PODS_ROOT}/Manifest.lock\" > /dev/null\nif [ $? != 0 ] ; then\n    # print error to STDERR\n    echo \"error: The sandbox is not in sync with the Podfile.lock. Run 'pod install' or update your CocoaPods installation.\" >&2\n    exit 1\nfi\n# This output is used by Xcode 'outputs' to avoid re-running this script phase.\necho \"SUCCESS\" > \"${SCRIPT_OUTPUT_FILE_0}\"\n";
			showEnvVarsInLog = 0;
		};
		B0580D91D61ED6706E1F4D34 /* [CP] Check Pods Manifest.lock */ = {
			isa = PBXShellScriptBuildPhase;
			buildActionMask = 2147483647;
			files = (
			);
			inputFileListPaths = (
			);
			inputPaths = (
				"${PODS_PODFILE_DIR_PATH}/Podfile.lock",
				"${PODS_ROOT}/Manifest.lock",
			);
			name = "[CP] Check Pods Manifest.lock";
			outputFileListPaths = (
			);
			outputPaths = (
				"$(DERIVED_FILE_DIR)/Pods-Orienteerer-OrienteererUITests-checkManifestLockResult.txt",
			);
			runOnlyForDeploymentPostprocessing = 0;
			shellPath = /bin/sh;
			shellScript = "diff \"${PODS_PODFILE_DIR_PATH}/Podfile.lock\" \"${PODS_ROOT}/Manifest.lock\" > /dev/null\nif [ $? != 0 ] ; then\n    # print error to STDERR\n    echo \"error: The sandbox is not in sync with the Podfile.lock. Run 'pod install' or update your CocoaPods installation.\" >&2\n    exit 1\nfi\n# This output is used by Xcode 'outputs' to avoid re-running this script phase.\necho \"SUCCESS\" > \"${SCRIPT_OUTPUT_FILE_0}\"\n";
			showEnvVarsInLog = 0;
		};
		CBF77A95C28AE3E6BE7C2948 /* [CP] Copy Pods Resources */ = {
			isa = PBXShellScriptBuildPhase;
			buildActionMask = 2147483647;
			files = (
			);
			inputFileListPaths = (
				"${PODS_ROOT}/Target Support Files/Pods-Orienteerer/Pods-Orienteerer-resources-${CONFIGURATION}-input-files.xcfilelist",
			);
			name = "[CP] Copy Pods Resources";
			outputFileListPaths = (
				"${PODS_ROOT}/Target Support Files/Pods-Orienteerer/Pods-Orienteerer-resources-${CONFIGURATION}-output-files.xcfilelist",
			);
			runOnlyForDeploymentPostprocessing = 0;
			shellPath = /bin/sh;
			shellScript = "\"${PODS_ROOT}/Target Support Files/Pods-Orienteerer/Pods-Orienteerer-resources.sh\"\n";
			showEnvVarsInLog = 0;
		};
		EA047CCE0BEE9C1D8802646B /* [CP] Check Pods Manifest.lock */ = {
			isa = PBXShellScriptBuildPhase;
			buildActionMask = 2147483647;
			files = (
			);
			inputFileListPaths = (
			);
			inputPaths = (
				"${PODS_PODFILE_DIR_PATH}/Podfile.lock",
				"${PODS_ROOT}/Manifest.lock",
			);
			name = "[CP] Check Pods Manifest.lock";
			outputFileListPaths = (
			);
			outputPaths = (
				"$(DERIVED_FILE_DIR)/Pods-Orienteerer-checkManifestLockResult.txt",
			);
			runOnlyForDeploymentPostprocessing = 0;
			shellPath = /bin/sh;
			shellScript = "diff \"${PODS_PODFILE_DIR_PATH}/Podfile.lock\" \"${PODS_ROOT}/Manifest.lock\" > /dev/null\nif [ $? != 0 ] ; then\n    # print error to STDERR\n    echo \"error: The sandbox is not in sync with the Podfile.lock. Run 'pod install' or update your CocoaPods installation.\" >&2\n    exit 1\nfi\n# This output is used by Xcode 'outputs' to avoid re-running this script phase.\necho \"SUCCESS\" > \"${SCRIPT_OUTPUT_FILE_0}\"\n";
			showEnvVarsInLog = 0;
		};
/* End PBXShellScriptBuildPhase section */

/* Begin PBXSourcesBuildPhase section */
		EC37CFE429186DB000F97ACE /* Sources */ = {
			isa = PBXSourcesBuildPhase;
			buildActionMask = 2147483647;
			files = (
				EC6BE9832941AEBF00694E32 /* InProcessScreen.swift in Sources */,
				0AA65FED29650DFB00FE04AB /* SetupAssistant.swift in Sources */,
				ECE53D3D29343F2600B301A1 /* Congratulationsscreen.swift in Sources */,
				EC3069A82942F77600069B46 /* ScanScreen.swift in Sources */,
				EC37CFF029186DB000F97ACE /* HomeScreen.swift in Sources */,
				0A65918A2959121C00DCCBB6 /* ConfirmationScreen.swift in Sources */,
				EC37CFEC29186DB000F97ACE /* AppDelegate.swift in Sources */,
				0A066A14295E4959007FF8EC /* EndScreenTwo.swift in Sources */,
				0A066A0B295E410A007FF8EC /* InitializationScreen.swift in Sources */,
				ECE53D41293442A900B301A1 /* EndScreen.swift in Sources */,
				EC37CFEE29186DB000F97ACE /* SceneDelegate.swift in Sources */,
			);
			runOnlyForDeploymentPostprocessing = 0;
		};
		EC37CFFA29186DB200F97ACE /* Sources */ = {
			isa = PBXSourcesBuildPhase;
			buildActionMask = 2147483647;
			files = (
				EC37D00329186DB200F97ACE /* OrienteererTests.swift in Sources */,
			);
			runOnlyForDeploymentPostprocessing = 0;
		};
		EC37D00429186DB200F97ACE /* Sources */ = {
			isa = PBXSourcesBuildPhase;
			buildActionMask = 2147483647;
			files = (
				EC37D00D29186DB200F97ACE /* OrienteererUITests.swift in Sources */,
				EC37D00F29186DB200F97ACE /* OrienteererUITestsLaunchTests.swift in Sources */,
			);
			runOnlyForDeploymentPostprocessing = 0;
		};
/* End PBXSourcesBuildPhase section */

/* Begin PBXTargetDependency section */
		EC37D00029186DB200F97ACE /* PBXTargetDependency */ = {
			isa = PBXTargetDependency;
			target = EC37CFE729186DB000F97ACE /* Orienteerer */;
			targetProxy = EC37CFFF29186DB200F97ACE /* PBXContainerItemProxy */;
		};
		EC37D00A29186DB200F97ACE /* PBXTargetDependency */ = {
			isa = PBXTargetDependency;
			target = EC37CFE729186DB000F97ACE /* Orienteerer */;
			targetProxy = EC37D00929186DB200F97ACE /* PBXContainerItemProxy */;
		};
/* End PBXTargetDependency section */

/* Begin PBXVariantGroup section */
		EC37CFF129186DB000F97ACE /* Main.storyboard */ = {
			isa = PBXVariantGroup;
			children = (
				EC37CFF229186DB000F97ACE /* Base */,
			);
			name = Main.storyboard;
			sourceTree = "<group>";
		};
		EC37CFF629186DB200F97ACE /* LaunchScreen.storyboard */ = {
			isa = PBXVariantGroup;
			children = (
				EC37CFF729186DB200F97ACE /* Base */,
			);
			name = LaunchScreen.storyboard;
			sourceTree = "<group>";
		};
/* End PBXVariantGroup section */

/* Begin XCBuildConfiguration section */
		EC37D01029186DB200F97ACE /* Debug */ = {
			isa = XCBuildConfiguration;
			buildSettings = {
				ALWAYS_SEARCH_USER_PATHS = NO;
				CLANG_ANALYZER_NONNULL = YES;
				CLANG_ANALYZER_NUMBER_OBJECT_CONVERSION = YES_AGGRESSIVE;
				CLANG_CXX_LANGUAGE_STANDARD = "gnu++17";
				CLANG_ENABLE_MODULES = YES;
				CLANG_ENABLE_OBJC_ARC = YES;
				CLANG_ENABLE_OBJC_WEAK = YES;
				CLANG_WARN_BLOCK_CAPTURE_AUTORELEASING = YES;
				CLANG_WARN_BOOL_CONVERSION = YES;
				CLANG_WARN_COMMA = YES;
				CLANG_WARN_CONSTANT_CONVERSION = YES;
				CLANG_WARN_DEPRECATED_OBJC_IMPLEMENTATIONS = YES;
				CLANG_WARN_DIRECT_OBJC_ISA_USAGE = YES_ERROR;
				CLANG_WARN_DOCUMENTATION_COMMENTS = YES;
				CLANG_WARN_EMPTY_BODY = YES;
				CLANG_WARN_ENUM_CONVERSION = YES;
				CLANG_WARN_INFINITE_RECURSION = YES;
				CLANG_WARN_INT_CONVERSION = YES;
				CLANG_WARN_NON_LITERAL_NULL_CONVERSION = YES;
				CLANG_WARN_OBJC_IMPLICIT_RETAIN_SELF = YES;
				CLANG_WARN_OBJC_LITERAL_CONVERSION = YES;
				CLANG_WARN_OBJC_ROOT_CLASS = YES_ERROR;
				CLANG_WARN_QUOTED_INCLUDE_IN_FRAMEWORK_HEADER = YES;
				CLANG_WARN_RANGE_LOOP_ANALYSIS = YES;
				CLANG_WARN_STRICT_PROTOTYPES = YES;
				CLANG_WARN_SUSPICIOUS_MOVE = YES;
				CLANG_WARN_UNGUARDED_AVAILABILITY = YES_AGGRESSIVE;
				CLANG_WARN_UNREACHABLE_CODE = YES;
				CLANG_WARN__DUPLICATE_METHOD_MATCH = YES;
				COPY_PHASE_STRIP = NO;
				DEBUG_INFORMATION_FORMAT = dwarf;
				ENABLE_STRICT_OBJC_MSGSEND = YES;
				ENABLE_TESTABILITY = YES;
				GCC_C_LANGUAGE_STANDARD = gnu11;
				GCC_DYNAMIC_NO_PIC = NO;
				GCC_NO_COMMON_BLOCKS = YES;
				GCC_OPTIMIZATION_LEVEL = 0;
				GCC_PREPROCESSOR_DEFINITIONS = (
					"DEBUG=1",
					"$(inherited)",
				);
				GCC_WARN_64_TO_32_BIT_CONVERSION = YES;
				GCC_WARN_ABOUT_RETURN_TYPE = YES_ERROR;
				GCC_WARN_UNDECLARED_SELECTOR = YES;
				GCC_WARN_UNINITIALIZED_AUTOS = YES_AGGRESSIVE;
				GCC_WARN_UNUSED_FUNCTION = YES;
				GCC_WARN_UNUSED_VARIABLE = YES;
				IPHONEOS_DEPLOYMENT_TARGET = 15.5;
				MTL_ENABLE_DEBUG_INFO = INCLUDE_SOURCE;
				MTL_FAST_MATH = YES;
				ONLY_ACTIVE_ARCH = YES;
				SDKROOT = iphoneos;
				SWIFT_ACTIVE_COMPILATION_CONDITIONS = DEBUG;
				SWIFT_OPTIMIZATION_LEVEL = "-Onone";
			};
			name = Debug;
		};
		EC37D01129186DB200F97ACE /* Release */ = {
			isa = XCBuildConfiguration;
			buildSettings = {
				ALWAYS_SEARCH_USER_PATHS = NO;
				CLANG_ANALYZER_NONNULL = YES;
				CLANG_ANALYZER_NUMBER_OBJECT_CONVERSION = YES_AGGRESSIVE;
				CLANG_CXX_LANGUAGE_STANDARD = "gnu++17";
				CLANG_ENABLE_MODULES = YES;
				CLANG_ENABLE_OBJC_ARC = YES;
				CLANG_ENABLE_OBJC_WEAK = YES;
				CLANG_WARN_BLOCK_CAPTURE_AUTORELEASING = YES;
				CLANG_WARN_BOOL_CONVERSION = YES;
				CLANG_WARN_COMMA = YES;
				CLANG_WARN_CONSTANT_CONVERSION = YES;
				CLANG_WARN_DEPRECATED_OBJC_IMPLEMENTATIONS = YES;
				CLANG_WARN_DIRECT_OBJC_ISA_USAGE = YES_ERROR;
				CLANG_WARN_DOCUMENTATION_COMMENTS = YES;
				CLANG_WARN_EMPTY_BODY = YES;
				CLANG_WARN_ENUM_CONVERSION = YES;
				CLANG_WARN_INFINITE_RECURSION = YES;
				CLANG_WARN_INT_CONVERSION = YES;
				CLANG_WARN_NON_LITERAL_NULL_CONVERSION = YES;
				CLANG_WARN_OBJC_IMPLICIT_RETAIN_SELF = YES;
				CLANG_WARN_OBJC_LITERAL_CONVERSION = YES;
				CLANG_WARN_OBJC_ROOT_CLASS = YES_ERROR;
				CLANG_WARN_QUOTED_INCLUDE_IN_FRAMEWORK_HEADER = YES;
				CLANG_WARN_RANGE_LOOP_ANALYSIS = YES;
				CLANG_WARN_STRICT_PROTOTYPES = YES;
				CLANG_WARN_SUSPICIOUS_MOVE = YES;
				CLANG_WARN_UNGUARDED_AVAILABILITY = YES_AGGRESSIVE;
				CLANG_WARN_UNREACHABLE_CODE = YES;
				CLANG_WARN__DUPLICATE_METHOD_MATCH = YES;
				COPY_PHASE_STRIP = NO;
				DEBUG_INFORMATION_FORMAT = "dwarf-with-dsym";
				ENABLE_NS_ASSERTIONS = NO;
				ENABLE_STRICT_OBJC_MSGSEND = YES;
				GCC_C_LANGUAGE_STANDARD = gnu11;
				GCC_NO_COMMON_BLOCKS = YES;
				GCC_WARN_64_TO_32_BIT_CONVERSION = YES;
				GCC_WARN_ABOUT_RETURN_TYPE = YES_ERROR;
				GCC_WARN_UNDECLARED_SELECTOR = YES;
				GCC_WARN_UNINITIALIZED_AUTOS = YES_AGGRESSIVE;
				GCC_WARN_UNUSED_FUNCTION = YES;
				GCC_WARN_UNUSED_VARIABLE = YES;
				IPHONEOS_DEPLOYMENT_TARGET = 15.5;
				MTL_ENABLE_DEBUG_INFO = NO;
				MTL_FAST_MATH = YES;
				SDKROOT = iphoneos;
				SWIFT_COMPILATION_MODE = wholemodule;
				SWIFT_OPTIMIZATION_LEVEL = "-O";
				VALIDATE_PRODUCT = YES;
			};
			name = Release;
		};
		EC37D01329186DB200F97ACE /* Debug */ = {
			isa = XCBuildConfiguration;
			baseConfigurationReference = 8747C388B389E6E454670ED3 /* Pods-Orienteerer.debug.xcconfig */;
			buildSettings = {
				ASSETCATALOG_COMPILER_APPICON_NAME = AppIcon;
				ASSETCATALOG_COMPILER_GLOBAL_ACCENT_COLOR_NAME = AccentColor;
				CLANG_ENABLE_MODULES = YES;
				CODE_SIGN_ENTITLEMENTS = Orienteerer/Orienteerer.entitlements;
				CODE_SIGN_STYLE = Automatic;
				CURRENT_PROJECT_VERSION = 1;
				DEVELOPMENT_TEAM = JF7BB9ZW8A;
				GENERATE_INFOPLIST_FILE = YES;
				INFOPLIST_FILE = Orienteerer/Info.plist;
				INFOPLIST_KEY_LSApplicationCategoryType = "";
				INFOPLIST_KEY_NSCameraUsageDescription = "Please allow to take photo";
				INFOPLIST_KEY_NSHealthClinicalHealthRecordsShareUsageDescription = "Used for data analysis and data output at the end of run";
				INFOPLIST_KEY_NSHealthShareUsageDescription = "Used for data analysis";
				INFOPLIST_KEY_NSHealthUpdateUsageDescription = "Used to update health data throughout run";
				INFOPLIST_KEY_UIApplicationSupportsIndirectInputEvents = YES;
				INFOPLIST_KEY_UILaunchStoryboardName = LaunchScreen;
				INFOPLIST_KEY_UIMainStoryboardFile = Main;
				INFOPLIST_KEY_UISupportedInterfaceOrientations_iPad = "UIInterfaceOrientationPortrait UIInterfaceOrientationPortraitUpsideDown UIInterfaceOrientationLandscapeLeft UIInterfaceOrientationLandscapeRight";
				INFOPLIST_KEY_UISupportedInterfaceOrientations_iPhone = "UIInterfaceOrientationPortrait UIInterfaceOrientationLandscapeLeft UIInterfaceOrientationLandscapeRight";
				IPHONEOS_DEPLOYMENT_TARGET = 16.0;
				LD_RUNPATH_SEARCH_PATHS = (
					"$(inherited)",
					"@executable_path/Frameworks",
				);
				MARKETING_VERSION = 1.0;
				PRODUCT_BUNDLE_IDENTIFIER = TomYuan.Orienteerer;
				PRODUCT_NAME = "$(TARGET_NAME)";
				SWIFT_EMIT_LOC_STRINGS = YES;
				SWIFT_OBJC_BRIDGING_HEADER = "";
				SWIFT_OPTIMIZATION_LEVEL = "-Onone";
				SWIFT_VERSION = 5.0;
				TARGETED_DEVICE_FAMILY = "1,2";
			};
			name = Debug;
		};
		EC37D01429186DB200F97ACE /* Release */ = {
			isa = XCBuildConfiguration;
			baseConfigurationReference = 12591ED49178327DDE5A13F8 /* Pods-Orienteerer.release.xcconfig */;
			buildSettings = {
				ASSETCATALOG_COMPILER_APPICON_NAME = AppIcon;
				ASSETCATALOG_COMPILER_GLOBAL_ACCENT_COLOR_NAME = AccentColor;
				CLANG_ENABLE_MODULES = YES;
				CODE_SIGN_ENTITLEMENTS = Orienteerer/Orienteerer.entitlements;
				CODE_SIGN_STYLE = Automatic;
				CURRENT_PROJECT_VERSION = 1;
				DEVELOPMENT_TEAM = JF7BB9ZW8A;
				GENERATE_INFOPLIST_FILE = YES;
				INFOPLIST_FILE = Orienteerer/Info.plist;
				INFOPLIST_KEY_LSApplicationCategoryType = "";
				INFOPLIST_KEY_NSCameraUsageDescription = "Please allow to take photo";
				INFOPLIST_KEY_NSHealthClinicalHealthRecordsShareUsageDescription = "Used for data analysis and data output at the end of run";
				INFOPLIST_KEY_NSHealthShareUsageDescription = "Used for data analysis";
				INFOPLIST_KEY_NSHealthUpdateUsageDescription = "Used to update health data throughout run";
				INFOPLIST_KEY_UIApplicationSupportsIndirectInputEvents = YES;
				INFOPLIST_KEY_UILaunchStoryboardName = LaunchScreen;
				INFOPLIST_KEY_UIMainStoryboardFile = Main;
				INFOPLIST_KEY_UISupportedInterfaceOrientations_iPad = "UIInterfaceOrientationPortrait UIInterfaceOrientationPortraitUpsideDown UIInterfaceOrientationLandscapeLeft UIInterfaceOrientationLandscapeRight";
				INFOPLIST_KEY_UISupportedInterfaceOrientations_iPhone = "UIInterfaceOrientationPortrait UIInterfaceOrientationLandscapeLeft UIInterfaceOrientationLandscapeRight";
				IPHONEOS_DEPLOYMENT_TARGET = 16.0;
				LD_RUNPATH_SEARCH_PATHS = (
					"$(inherited)",
					"@executable_path/Frameworks",
				);
				MARKETING_VERSION = 1.0;
				PRODUCT_BUNDLE_IDENTIFIER = TomYuan.Orienteerer;
				PRODUCT_NAME = "$(TARGET_NAME)";
				SWIFT_EMIT_LOC_STRINGS = YES;
				SWIFT_OBJC_BRIDGING_HEADER = "";
				SWIFT_VERSION = 5.0;
				TARGETED_DEVICE_FAMILY = "1,2";
			};
			name = Release;
		};
		EC37D01629186DB200F97ACE /* Debug */ = {
			isa = XCBuildConfiguration;
			baseConfigurationReference = 927100674767FD42E8B2F6FF /* Pods-OrienteererTests.debug.xcconfig */;
			buildSettings = {
				ALWAYS_EMBED_SWIFT_STANDARD_LIBRARIES = YES;
				BUNDLE_LOADER = "$(TEST_HOST)";
				CODE_SIGN_STYLE = Automatic;
				CURRENT_PROJECT_VERSION = 1;
				DEVELOPMENT_TEAM = JF7BB9ZW8A;
				GENERATE_INFOPLIST_FILE = YES;
				IPHONEOS_DEPLOYMENT_TARGET = 15.5;
				MARKETING_VERSION = 1.0;
				PRODUCT_BUNDLE_IDENTIFIER = TomYuan.OrienteererTests;
				PRODUCT_NAME = "$(TARGET_NAME)";
				SWIFT_EMIT_LOC_STRINGS = NO;
				SWIFT_VERSION = 5.0;
				TARGETED_DEVICE_FAMILY = "1,2";
				TEST_HOST = "$(BUILT_PRODUCTS_DIR)/Orienteerer.app/Orienteerer";
			};
			name = Debug;
		};
		EC37D01729186DB200F97ACE /* Release */ = {
			isa = XCBuildConfiguration;
			baseConfigurationReference = 7E3D3C3E8671CB3F723F995B /* Pods-OrienteererTests.release.xcconfig */;
			buildSettings = {
				ALWAYS_EMBED_SWIFT_STANDARD_LIBRARIES = YES;
				BUNDLE_LOADER = "$(TEST_HOST)";
				CODE_SIGN_STYLE = Automatic;
				CURRENT_PROJECT_VERSION = 1;
				DEVELOPMENT_TEAM = JF7BB9ZW8A;
				GENERATE_INFOPLIST_FILE = YES;
				IPHONEOS_DEPLOYMENT_TARGET = 15.5;
				MARKETING_VERSION = 1.0;
				PRODUCT_BUNDLE_IDENTIFIER = TomYuan.OrienteererTests;
				PRODUCT_NAME = "$(TARGET_NAME)";
				SWIFT_EMIT_LOC_STRINGS = NO;
				SWIFT_VERSION = 5.0;
				TARGETED_DEVICE_FAMILY = "1,2";
				TEST_HOST = "$(BUILT_PRODUCTS_DIR)/Orienteerer.app/Orienteerer";
			};
			name = Release;
		};
		EC37D01929186DB200F97ACE /* Debug */ = {
			isa = XCBuildConfiguration;
			baseConfigurationReference = D2FE9BE1084D6C813D5FCEDE /* Pods-Orienteerer-OrienteererUITests.debug.xcconfig */;
			buildSettings = {
				ALWAYS_EMBED_SWIFT_STANDARD_LIBRARIES = YES;
				CODE_SIGN_STYLE = Automatic;
				CURRENT_PROJECT_VERSION = 1;
				DEVELOPMENT_TEAM = JF7BB9ZW8A;
				GENERATE_INFOPLIST_FILE = YES;
				MARKETING_VERSION = 1.0;
				PRODUCT_BUNDLE_IDENTIFIER = TomYuan.OrienteererUITests;
				PRODUCT_NAME = "$(TARGET_NAME)";
				SWIFT_EMIT_LOC_STRINGS = NO;
				SWIFT_VERSION = 5.0;
				TARGETED_DEVICE_FAMILY = "1,2";
				TEST_TARGET_NAME = Orienteerer;
			};
			name = Debug;
		};
		EC37D01A29186DB200F97ACE /* Release */ = {
			isa = XCBuildConfiguration;
			baseConfigurationReference = 4CC83BC436E4C5804C52335B /* Pods-Orienteerer-OrienteererUITests.release.xcconfig */;
			buildSettings = {
				ALWAYS_EMBED_SWIFT_STANDARD_LIBRARIES = YES;
				CODE_SIGN_STYLE = Automatic;
				CURRENT_PROJECT_VERSION = 1;
				DEVELOPMENT_TEAM = JF7BB9ZW8A;
				GENERATE_INFOPLIST_FILE = YES;
				MARKETING_VERSION = 1.0;
				PRODUCT_BUNDLE_IDENTIFIER = TomYuan.OrienteererUITests;
				PRODUCT_NAME = "$(TARGET_NAME)";
				SWIFT_EMIT_LOC_STRINGS = NO;
				SWIFT_VERSION = 5.0;
				TARGETED_DEVICE_FAMILY = "1,2";
				TEST_TARGET_NAME = Orienteerer;
			};
			name = Release;
		};
/* End XCBuildConfiguration section */

/* Begin XCConfigurationList section */
		EC37CFE329186DB000F97ACE /* Build configuration list for PBXProject "Orienteerer" */ = {
			isa = XCConfigurationList;
			buildConfigurations = (
				EC37D01029186DB200F97ACE /* Debug */,
				EC37D01129186DB200F97ACE /* Release */,
			);
			defaultConfigurationIsVisible = 0;
			defaultConfigurationName = Release;
		};
		EC37D01229186DB200F97ACE /* Build configuration list for PBXNativeTarget "Orienteerer" */ = {
			isa = XCConfigurationList;
			buildConfigurations = (
				EC37D01329186DB200F97ACE /* Debug */,
				EC37D01429186DB200F97ACE /* Release */,
			);
			defaultConfigurationIsVisible = 0;
			defaultConfigurationName = Release;
		};
		EC37D01529186DB200F97ACE /* Build configuration list for PBXNativeTarget "OrienteererTests" */ = {
			isa = XCConfigurationList;
			buildConfigurations = (
				EC37D01629186DB200F97ACE /* Debug */,
				EC37D01729186DB200F97ACE /* Release */,
			);
			defaultConfigurationIsVisible = 0;
			defaultConfigurationName = Release;
		};
		EC37D01829186DB200F97ACE /* Build configuration list for PBXNativeTarget "OrienteererUITests" */ = {
			isa = XCConfigurationList;
			buildConfigurations = (
				EC37D01929186DB200F97ACE /* Debug */,
				EC37D01A29186DB200F97ACE /* Release */,
			);
			defaultConfigurationIsVisible = 0;
			defaultConfigurationName = Release;
		};
/* End XCConfigurationList section */

/* Begin XCRemoteSwiftPackageReference section */
		ECE53D3929343D1700B301A1 /* XCRemoteSwiftPackageReference "ConfettiSwiftUI" */ = {
			isa = XCRemoteSwiftPackageReference;
			repositoryURL = "https://github.com/simibac/ConfettiSwiftUI.git";
			requirement = {
				kind = upToNextMajorVersion;
				minimumVersion = 1.0.0;
			};
		};
/* End XCRemoteSwiftPackageReference section */

/* Begin XCSwiftPackageProductDependency section */
		ECE53D3A29343D1700B301A1 /* ConfettiSwiftUI */ = {
			isa = XCSwiftPackageProductDependency;
			package = ECE53D3929343D1700B301A1 /* XCRemoteSwiftPackageReference "ConfettiSwiftUI" */;
			productName = ConfettiSwiftUI;
		};
/* End XCSwiftPackageProductDependency section */
	};
	rootObject = EC37CFE029186DB000F97ACE /* Project object */;
}
